
Microsoft Visual Studio Solution File, Format Version 12.00
# Visual Studio Version 16
VisualStudioVersion = 16.0.30320.27
MinimumVisualStudioVersion = 10.0.40219.1
Project("{2150E333-8FDC-42A3-9474-1A3956D46DE8}") = "Src", "Src", "{19959533-592F-4EC8-A957-11B36EC8BF10}"
EndProject
Project("{2150E333-8FDC-42A3-9474-1A3956D46DE8}") = "Core", "Core", "{720CAF95-16E3-40E4-B1A6-332CA526D066}"
EndProject
Project("{2150E333-8FDC-42A3-9474-1A3956D46DE8}") = "Infrastructure", "Infrastructure", "{A888045B-5437-4F16-A779-44622A028118}"
EndProject
Project("{2150E333-8FDC-42A3-9474-1A3956D46DE8}") = "Presentation", "Presentation", "{DE2D6339-3AA2-4947-9AE1-766160A46DC9}"
EndProject
Project("{9A19103F-16F7-4668-BE54-9A1E7A4F7556}") = "FoodRecipesApi.Application", "Src\FoodRecipesApi.Core\FoodRecipesApi.Application.csproj", "{361C7DA2-2F84-468D-8C04-EA177F9D82A3}"
EndProject
Project("{9A19103F-16F7-4668-BE54-9A1E7A4F7556}") = "FoodRecipesApi.Domain", "Src\FoodRecipesApi.Domain\FoodRecipesApi.Domain.csproj", "{6E392132-91B6-4BCE-B0E2-8C6372221347}"
EndProject
Project("{9A19103F-16F7-4668-BE54-9A1E7A4F7556}") = "FoodRecipesApi.Infrastructure", "Src\FoodRecipesApi.Infrastructure\FoodRecipesApi.Infrastructure.csproj", "{B79ED4C9-CA25-40E8-9A34-E998EAC8F3B7}"
EndProject
Project("{9A19103F-16F7-4668-BE54-9A1E7A4F7556}") = "FoodRecipesApi.Persistance", "Src\FoodRecipesApi.Persistance\FoodRecipesApi.Persistance.csproj", "{C6C20697-BBB4-480C-B725-CC33BBC35BFF}"
EndProject
Project("{9A19103F-16F7-4668-BE54-9A1E7A4F7556}") = "FoodRecipesApi.WebApi", "Src\FoodRecipesApi.WebApi\FoodRecipesApi.WebApi.csproj", "{4953414B-EA3A-4240-A712-F95055AA7830}"
EndProject
Global
	GlobalSection(SolutionConfigurationPlatforms) = preSolution
		Debug|Any CPU = Debug|Any CPU
		Release|Any CPU = Release|Any CPU
	EndGlobalSection
	GlobalSection(ProjectConfigurationPlatforms) = postSolution
		{361C7DA2-2F84-468D-8C04-EA177F9D82A3}.Debug|Any CPU.ActiveCfg = Debug|Any CPU
		{361C7DA2-2F84-468D-8C04-EA177F9D82A3}.Debug|Any CPU.Build.0 = Debug|Any CPU
		{361C7DA2-2F84-468D-8C04-EA177F9D82A3}.Release|Any CPU.ActiveCfg = Release|Any CPU
		{361C7DA2-2F84-468D-8C04-EA177F9D82A3}.Release|Any CPU.Build.0 = Release|Any CPU
		{6E392132-91B6-4BCE-B0E2-8C6372221347}.Debug|Any CPU.ActiveCfg = Debug|Any CPU
		{6E392132-91B6-4BCE-B0E2-8C6372221347}.Debug|Any CPU.Build.0 = Debug|Any CPU
		{6E392132-91B6-4BCE-B0E2-8C6372221347}.Release|Any CPU.ActiveCfg = Release|Any CPU
		{6E392132-91B6-4BCE-B0E2-8C6372221347}.Release|Any CPU.Build.0 = Release|Any CPU
		{B79ED4C9-CA25-40E8-9A34-E998EAC8F3B7}.Debug|Any CPU.ActiveCfg = Debug|Any CPU
		{B79ED4C9-CA25-40E8-9A34-E998EAC8F3B7}.Debug|Any CPU.Build.0 = Debug|Any CPU
		{B79ED4C9-CA25-40E8-9A34-E998EAC8F3B7}.Release|Any CPU.ActiveCfg = Release|Any CPU
		{B79ED4C9-CA25-40E8-9A34-E998EAC8F3B7}.Release|Any CPU.Build.0 = Release|Any CPU
		{C6C20697-BBB4-480C-B725-CC33BBC35BFF}.Debug|Any CPU.ActiveCfg = Debug|Any CPU
		{C6C20697-BBB4-480C-B725-CC33BBC35BFF}.Debug|Any CPU.Build.0 = Debug|Any CPU
		{C6C20697-BBB4-480C-B725-CC33BBC35BFF}.Release|Any CPU.ActiveCfg = Release|Any CPU
		{C6C20697-BBB4-480C-B725-CC33BBC35BFF}.Release|Any CPU.Build.0 = Release|Any CPU
		{4953414B-EA3A-4240-A712-F95055AA7830}.Debug|Any CPU.ActiveCfg = Debug|Any CPU
		{4953414B-EA3A-4240-A712-F95055AA7830}.Debug|Any CPU.Build.0 = Debug|Any CPU
		{4953414B-EA3A-4240-A712-F95055AA7830}.Release|Any CPU.ActiveCfg = Release|Any CPU
		{4953414B-EA3A-4240-A712-F95055AA7830}.Release|Any CPU.Build.0 = Release|Any CPU
	EndGlobalSection
	GlobalSection(SolutionProperties) = preSolution
		HideSolutionNode = FALSE
	EndGlobalSection
	GlobalSection(NestedProjects) = preSolution
		{720CAF95-16E3-40E4-B1A6-332CA526D066} = {19959533-592F-4EC8-A957-11B36EC8BF10}
		{A888045B-5437-4F16-A779-44622A028118} = {19959533-592F-4EC8-A957-11B36EC8BF10}
		{DE2D6339-3AA2-4947-9AE1-766160A46DC9} = {19959533-592F-4EC8-A957-11B36EC8BF10}
		{361C7DA2-2F84-468D-8C04-EA177F9D82A3} = {720CAF95-16E3-40E4-B1A6-332CA526D066}
		{6E392132-91B6-4BCE-B0E2-8C6372221347} = {720CAF95-16E3-40E4-B1A6-332CA526D066}
		{B79ED4C9-CA25-40E8-9A34-E998EAC8F3B7} = {A888045B-5437-4F16-A779-44622A028118}
		{C6C20697-BBB4-480C-B725-CC33BBC35BFF} = {A888045B-5437-4F16-A779-44622A028118}
		{4953414B-EA3A-4240-A712-F95055AA7830} = {DE2D6339-3AA2-4947-9AE1-766160A46DC9}
	EndGlobalSection
	GlobalSection(ExtensibilityGlobals) = postSolution
		SolutionGuid = {12E2D111-B10D-4775-9812-C5FA032AAF3B}
	EndGlobalSection
EndGlobal
